
Microsoft Visual Studio Solution File, Format Version 12.00
# Visual Studio Version 17
VisualStudioVersion = 17.9.34701.34
MinimumVisualStudioVersion = 10.0.40219.1
Project("{FAE04EC0-301F-11D3-BF4B-00C04F79EFBC}") = "ChatBotUI", "ChatBotUI\ChatBotUI.csproj", "{DC1AF299-FFE0-4C38-9933-A0AB6E77BD6A}"
EndProject
Global
	GlobalSection(SolutionConfigurationPlatforms) = preSolution
		Debug|Any CPU = Debug|Any CPU
		Release|Any CPU = Release|Any CPU
	EndGlobalSection
	GlobalSection(ProjectConfigurationPlatforms) = postSolution
		{DC1AF299-FFE0-4C38-9933-A0AB6E77BD6A}.Debug|Any CPU.ActiveCfg = Debug|Any CPU
		{DC1AF299-FFE0-4C38-9933-A0AB6E77BD6A}.Debug|Any CPU.Build.0 = Debug|Any CPU
		{DC1AF299-FFE0-4C38-9933-A0AB6E77BD6A}.Release|Any CPU.ActiveCfg = Release|Any CPU
		{DC1AF299-FFE0-4C38-9933-A0AB6E77BD6A}.Release|Any CPU.Build.0 = Release|Any CPU
	EndGlobalSection
	GlobalSection(SolutionProperties) = preSolution
		HideSolutionNode = FALSE
	EndGlobalSection
	GlobalSection(ExtensibilityGlobals) = postSolution
		SolutionGuid = {86637805-C053-48C0-AF98-13F02C9B4D39}
	EndGlobalSection
EndGlobal
