
Microsoft Visual Studio Solution File, Format Version 12.00
# Visual Studio Version 17
VisualStudioVersion = 17.2.32602.215
MinimumVisualStudioVersion = 10.0.40219.1
Project("{FAE04EC0-301F-11D3-BF4B-00C04F79EFBC}") = "Lab_new", "Lab_new.csproj", "{16E86613-E189-4F38-9FA9-AA540D77BED6}"
EndProject
Global
	GlobalSection(SolutionConfigurationPlatforms) = preSolution
		Debug|Any CPU = Debug|Any CPU
		Release|Any CPU = Release|Any CPU
	EndGlobalSection
	GlobalSection(ProjectConfigurationPlatforms) = postSolution
		{16E86613-E189-4F38-9FA9-AA540D77BED6}.Debug|Any CPU.ActiveCfg = Debug|Any CPU
		{16E86613-E189-4F38-9FA9-AA540D77BED6}.Debug|Any CPU.Build.0 = Debug|Any CPU
		{16E86613-E189-4F38-9FA9-AA540D77BED6}.Release|Any CPU.ActiveCfg = Release|Any CPU
		{16E86613-E189-4F38-9FA9-AA540D77BED6}.Release|Any CPU.Build.0 = Release|Any CPU
	EndGlobalSection
	GlobalSection(SolutionProperties) = preSolution
		HideSolutionNode = FALSE
	EndGlobalSection
	GlobalSection(ExtensibilityGlobals) = postSolution
		SolutionGuid = {D4011CE8-25EA-4BDD-AF50-23CB2B9BCB43}
	EndGlobalSection
EndGlobal
